
Microsoft Visual Studio Solution File, Format Version 12.00
# Visual Studio Version 17
VisualStudioVersion = 17.11.35312.102
MinimumVisualStudioVersion = 10.0.40219.1
Project("{FAE04EC0-301F-11D3-BF4B-00C04F79EFBC}") = "Week3-Constructor", "Week3-Constructor\Week3-Constructor.csproj", "{7F34CA2A-7722-4683-B52F-210E1F7CD521}"
EndProject
Global
	GlobalSection(SolutionConfigurationPlatforms) = preSolution
		Debug|Any CPU = Debug|Any CPU
		Release|Any CPU = Release|Any CPU
	EndGlobalSection
	GlobalSection(ProjectConfigurationPlatforms) = postSolution
		{7F34CA2A-7722-4683-B52F-210E1F7CD521}.Debug|Any CPU.ActiveCfg = Debug|Any CPU
		{7F34CA2A-7722-4683-B52F-210E1F7CD521}.Debug|Any CPU.Build.0 = Debug|Any CPU
		{7F34CA2A-7722-4683-B52F-210E1F7CD521}.Release|Any CPU.ActiveCfg = Release|Any CPU
		{7F34CA2A-7722-4683-B52F-210E1F7CD521}.Release|Any CPU.Build.0 = Release|Any CPU
	EndGlobalSection
	GlobalSection(SolutionProperties) = preSolution
		HideSolutionNode = FALSE
	EndGlobalSection
	GlobalSection(ExtensibilityGlobals) = postSolution
		SolutionGuid = {7677D17C-C12F-49E2-B02C-5BE7F4CF54B1}
	EndGlobalSection
EndGlobal
